
Microsoft Visual Studio Solution File, Format Version 12.00
# Visual Studio Version 17
VisualStudioVersion = 17.1.32414.318
MinimumVisualStudioVersion = 10.0.40219.1
Project("{FAE04EC0-301F-11D3-BF4B-00C04F79EFBC}") = "BrickBreaker", "BrickBreaker.csproj", "{A799F830-F8BA-4074-BED3-39B6A944AB23}"
EndProject
Global
	GlobalSection(SolutionConfigurationPlatforms) = preSolution
		Debug|Any CPU = Debug|Any CPU
		Release|Any CPU = Release|Any CPU
	EndGlobalSection
	GlobalSection(ProjectConfigurationPlatforms) = postSolution
		{A799F830-F8BA-4074-BED3-39B6A944AB23}.Debug|Any CPU.ActiveCfg = Debug|Any CPU
		{A799F830-F8BA-4074-BED3-39B6A944AB23}.Debug|Any CPU.Build.0 = Debug|Any CPU
		{A799F830-F8BA-4074-BED3-39B6A944AB23}.Debug|Any CPU.Deploy.0 = Debug|Any CPU
		{A799F830-F8BA-4074-BED3-39B6A944AB23}.Release|Any CPU.ActiveCfg = Release|Any CPU
		{A799F830-F8BA-4074-BED3-39B6A944AB23}.Release|Any CPU.Build.0 = Release|Any CPU
		{A799F830-F8BA-4074-BED3-39B6A944AB23}.Release|Any CPU.Deploy.0 = Release|Any CPU
	EndGlobalSection
	GlobalSection(SolutionProperties) = preSolution
		HideSolutionNode = FALSE
	EndGlobalSection
	GlobalSection(ExtensibilityGlobals) = postSolution
		SolutionGuid = {F60AAB76-6339-43E0-A5F6-E3825F05D67B}
	EndGlobalSection
EndGlobal
